{
  "name": "gym-reservation",
  "version": "1.0.0",
  "lockfileVersion": 3,
  "requires": true,
  "packages": {
    "": {
      "name": "gym-reservation",
      "version": "1.0.0",
      "license": "ISC",
      "dependencies": {
        "@prisma/client": "6.19.2"
      }
    },
    "node_modules/@prisma/client": {
      "version": "6.19.2",
      "resolved": "https://registry.npmjs.org/@prisma/client/-/client-6.19.2.tgz",
      "integrity": "sha512-gR2EMvfK/aTxsuooaDA32D8v+us/8AAet+C3J1cc04SW35FPdZYgLF+iN4NDLUgAaUGTKdAB0CYenu1TAgGdMg==",
      "hasInstallScript": true,
      "license": "Apache-2.0",
      "engines": {
        "node": ">=18.18"
      },
      "peerDependencies": {
        "prisma": "*",
        "typescript": ">=5.1.0"
      },
      "peerDependenciesMeta": {
        "prisma": {
          "optional": true
        },
        "typescript": {
          "optional": true
        }
      }
    }
  }
}
