github.com/Code-Hex/synchro v0.5.2 h1:xBk/EIsqfu+yiuX9XC39xLXWm9mcLJ3zegem9itybz8=
github.com/Code-Hex/synchro v0.5.2/go.mod h1:F9Z4Uf1SP7V5K1xPM17h19sS8DmuH6OFt8LI917ZpQ4=
github.com/itchyny/timefmt-go v0.1.6 h1:ia3s54iciXDdzWzwaVKXZPbiXzxxnv1SPGFfM/myJ5Q=
github.com/itchyny/timefmt-go v0.1.6/go.mod h1:RRDZYC5s9ErkjQvTvvU7keJjxUYzIISJGxm9/mAERQg=
